
Microsoft Visual Studio Solution File, Format Version 12.00
# Visual Studio 14
VisualStudioVersion = 14.0.25420.1
MinimumVisualStudioVersion = 10.0.40219.1
Project("{FAE04EC0-301F-11D3-BF4B-00C04F79EFBC}") = "Client", "Client\Client.csproj", "{F4831C36-481E-486B-A54F-61454184DF26}"
EndProject
Project("{FAE04EC0-301F-11D3-BF4B-00C04F79EFBC}") = "Server", "Server\Server.csproj", "{994467ED-15CB-4A76-95C2-8ADCBB6AF4C2}"
EndProject
Global
	GlobalSection(SolutionConfigurationPlatforms) = preSolution
		Debug|Any CPU = Debug|Any CPU
		Release|Any CPU = Release|Any CPU
	EndGlobalSection
	GlobalSection(ProjectConfigurationPlatforms) = postSolution
		{F4831C36-481E-486B-A54F-61454184DF26}.Debug|Any CPU.ActiveCfg = Debug|Any CPU
		{F4831C36-481E-486B-A54F-61454184DF26}.Debug|Any CPU.Build.0 = Debug|Any CPU
		{F4831C36-481E-486B-A54F-61454184DF26}.Release|Any CPU.ActiveCfg = Release|Any CPU
		{F4831C36-481E-486B-A54F-61454184DF26}.Release|Any CPU.Build.0 = Release|Any CPU
		{994467ED-15CB-4A76-95C2-8ADCBB6AF4C2}.Debug|Any CPU.ActiveCfg = Debug|Any CPU
		{994467ED-15CB-4A76-95C2-8ADCBB6AF4C2}.Debug|Any CPU.Build.0 = Debug|Any CPU
		{994467ED-15CB-4A76-95C2-8ADCBB6AF4C2}.Release|Any CPU.ActiveCfg = Release|Any CPU
		{994467ED-15CB-4A76-95C2-8ADCBB6AF4C2}.Release|Any CPU.Build.0 = Release|Any CPU
	EndGlobalSection
	GlobalSection(SolutionProperties) = preSolution
		HideSolutionNode = FALSE
	EndGlobalSection
EndGlobal
